
Microsoft Visual Studio Solution File, Format Version 12.00
# Visual Studio 15
VisualStudioVersion = 15.0.26124.0
MinimumVisualStudioVersion = 15.0.26124.0
Project("{2150E333-8FDC-42A3-9474-1A3956D46DE8}") = "src", "src", "{4706F0D6-67E6-4131-8BC7-7C63E2064F0B}"
EndProject
Project("{FAE04EC0-301F-11D3-BF4B-00C04F79EFBC}") = "Aggregates", "src\Aggregates\Aggregates.csproj", "{1625022C-9546-4DE7-AB7F-65FCAC114265}"
EndProject
Project("{2150E333-8FDC-42A3-9474-1A3956D46DE8}") = "test", "test", "{29B2610C-A97D-40CF-8973-527BB1889C19}"
EndProject
Project("{FAE04EC0-301F-11D3-BF4B-00C04F79EFBC}") = "Aggregates.Tests", "test\Aggregates.Tests\Aggregates.Tests.csproj", "{2A8F4E3D-09D3-4299-9029-ABC9CE45B8AF}"
EndProject
Project("{FAE04EC0-301F-11D3-BF4B-00C04F79EFBC}") = "Aggregates.InMemory.Tests", "test\Aggregates.InMemory.Tests\Aggregates.InMemory.Tests.csproj", "{8EE37512-460A-4DCB-A0DB-226E5BCA221D}"
EndProject
Project("{FAE04EC0-301F-11D3-BF4B-00C04F79EFBC}") = "Aggregates.InMemory", "src\Aggregates.InMemory\Aggregates.InMemory.csproj", "{FFCF3C31-62BD-4A94-9D7A-365E6BD52B8C}"
EndProject
Project("{FAE04EC0-301F-11D3-BF4B-00C04F79EFBC}") = "Aggregates.Sql", "src\Aggregates.Sql\Aggregates.Sql.csproj", "{2943207C-4F29-4876-9D4A-6593A24B652B}"
EndProject
Project("{FAE04EC0-301F-11D3-BF4B-00C04F79EFBC}") = "Aggregates.Sql.Tests", "test\Aggregates.Sql.Tests\Aggregates.Sql.Tests.csproj", "{B66AA3E2-7AFF-4E91-90C2-BE648555045E}"
EndProject
Project("{FAE04EC0-301F-11D3-BF4B-00C04F79EFBC}") = "Aggregates.Mongo", "src\Aggregates.Mongo\Aggregates.Mongo.csproj", "{E85E50D5-1552-449E-B8AE-93449E61D5D0}"
EndProject
Project("{FAE04EC0-301F-11D3-BF4B-00C04F79EFBC}") = "Aggregates.Mongo.Tests", "test\Aggregates.Mongo.Tests\Aggregates.Mongo.Tests.csproj", "{CB32A708-F668-4127-B193-8AE9FA64AF7A}"
EndProject
Global
	GlobalSection(SolutionConfigurationPlatforms) = preSolution
		Debug|Any CPU = Debug|Any CPU
		Debug|x64 = Debug|x64
		Debug|x86 = Debug|x86
		Release|Any CPU = Release|Any CPU
		Release|x64 = Release|x64
		Release|x86 = Release|x86
	EndGlobalSection
	GlobalSection(SolutionProperties) = preSolution
		HideSolutionNode = FALSE
	EndGlobalSection
	GlobalSection(ProjectConfigurationPlatforms) = postSolution
		{1625022C-9546-4DE7-AB7F-65FCAC114265}.Debug|Any CPU.ActiveCfg = Debug|Any CPU
		{1625022C-9546-4DE7-AB7F-65FCAC114265}.Debug|Any CPU.Build.0 = Debug|Any CPU
		{1625022C-9546-4DE7-AB7F-65FCAC114265}.Debug|x64.ActiveCfg = Debug|Any CPU
		{1625022C-9546-4DE7-AB7F-65FCAC114265}.Debug|x64.Build.0 = Debug|Any CPU
		{1625022C-9546-4DE7-AB7F-65FCAC114265}.Debug|x86.ActiveCfg = Debug|Any CPU
		{1625022C-9546-4DE7-AB7F-65FCAC114265}.Debug|x86.Build.0 = Debug|Any CPU
		{1625022C-9546-4DE7-AB7F-65FCAC114265}.Release|Any CPU.ActiveCfg = Release|Any CPU
		{1625022C-9546-4DE7-AB7F-65FCAC114265}.Release|Any CPU.Build.0 = Release|Any CPU
		{1625022C-9546-4DE7-AB7F-65FCAC114265}.Release|x64.ActiveCfg = Release|Any CPU
		{1625022C-9546-4DE7-AB7F-65FCAC114265}.Release|x64.Build.0 = Release|Any CPU
		{1625022C-9546-4DE7-AB7F-65FCAC114265}.Release|x86.ActiveCfg = Release|Any CPU
		{1625022C-9546-4DE7-AB7F-65FCAC114265}.Release|x86.Build.0 = Release|Any CPU
		{2A8F4E3D-09D3-4299-9029-ABC9CE45B8AF}.Debug|Any CPU.ActiveCfg = Debug|Any CPU
		{2A8F4E3D-09D3-4299-9029-ABC9CE45B8AF}.Debug|Any CPU.Build.0 = Debug|Any CPU
		{2A8F4E3D-09D3-4299-9029-ABC9CE45B8AF}.Debug|x64.ActiveCfg = Debug|Any CPU
		{2A8F4E3D-09D3-4299-9029-ABC9CE45B8AF}.Debug|x64.Build.0 = Debug|Any CPU
		{2A8F4E3D-09D3-4299-9029-ABC9CE45B8AF}.Debug|x86.ActiveCfg = Debug|Any CPU
		{2A8F4E3D-09D3-4299-9029-ABC9CE45B8AF}.Debug|x86.Build.0 = Debug|Any CPU
		{2A8F4E3D-09D3-4299-9029-ABC9CE45B8AF}.Release|Any CPU.ActiveCfg = Release|Any CPU
		{2A8F4E3D-09D3-4299-9029-ABC9CE45B8AF}.Release|Any CPU.Build.0 = Release|Any CPU
		{2A8F4E3D-09D3-4299-9029-ABC9CE45B8AF}.Release|x64.ActiveCfg = Release|Any CPU
		{2A8F4E3D-09D3-4299-9029-ABC9CE45B8AF}.Release|x64.Build.0 = Release|Any CPU
		{2A8F4E3D-09D3-4299-9029-ABC9CE45B8AF}.Release|x86.ActiveCfg = Release|Any CPU
		{2A8F4E3D-09D3-4299-9029-ABC9CE45B8AF}.Release|x86.Build.0 = Release|Any CPU
		{8EE37512-460A-4DCB-A0DB-226E5BCA221D}.Debug|Any CPU.ActiveCfg = Debug|Any CPU
		{8EE37512-460A-4DCB-A0DB-226E5BCA221D}.Debug|Any CPU.Build.0 = Debug|Any CPU
		{8EE37512-460A-4DCB-A0DB-226E5BCA221D}.Debug|x64.ActiveCfg = Debug|Any CPU
		{8EE37512-460A-4DCB-A0DB-226E5BCA221D}.Debug|x64.Build.0 = Debug|Any CPU
		{8EE37512-460A-4DCB-A0DB-226E5BCA221D}.Debug|x86.ActiveCfg = Debug|Any CPU
		{8EE37512-460A-4DCB-A0DB-226E5BCA221D}.Debug|x86.Build.0 = Debug|Any CPU
		{8EE37512-460A-4DCB-A0DB-226E5BCA221D}.Release|Any CPU.ActiveCfg = Release|Any CPU
		{8EE37512-460A-4DCB-A0DB-226E5BCA221D}.Release|Any CPU.Build.0 = Release|Any CPU
		{8EE37512-460A-4DCB-A0DB-226E5BCA221D}.Release|x64.ActiveCfg = Release|Any CPU
		{8EE37512-460A-4DCB-A0DB-226E5BCA221D}.Release|x64.Build.0 = Release|Any CPU
		{8EE37512-460A-4DCB-A0DB-226E5BCA221D}.Release|x86.ActiveCfg = Release|Any CPU
		{8EE37512-460A-4DCB-A0DB-226E5BCA221D}.Release|x86.Build.0 = Release|Any CPU
		{FFCF3C31-62BD-4A94-9D7A-365E6BD52B8C}.Debug|Any CPU.ActiveCfg = Debug|Any CPU
		{FFCF3C31-62BD-4A94-9D7A-365E6BD52B8C}.Debug|Any CPU.Build.0 = Debug|Any CPU
		{FFCF3C31-62BD-4A94-9D7A-365E6BD52B8C}.Debug|x64.ActiveCfg = Debug|Any CPU
		{FFCF3C31-62BD-4A94-9D7A-365E6BD52B8C}.Debug|x64.Build.0 = Debug|Any CPU
		{FFCF3C31-62BD-4A94-9D7A-365E6BD52B8C}.Debug|x86.ActiveCfg = Debug|Any CPU
		{FFCF3C31-62BD-4A94-9D7A-365E6BD52B8C}.Debug|x86.Build.0 = Debug|Any CPU
		{FFCF3C31-62BD-4A94-9D7A-365E6BD52B8C}.Release|Any CPU.ActiveCfg = Release|Any CPU
		{FFCF3C31-62BD-4A94-9D7A-365E6BD52B8C}.Release|Any CPU.Build.0 = Release|Any CPU
		{FFCF3C31-62BD-4A94-9D7A-365E6BD52B8C}.Release|x64.ActiveCfg = Release|Any CPU
		{FFCF3C31-62BD-4A94-9D7A-365E6BD52B8C}.Release|x64.Build.0 = Release|Any CPU
		{FFCF3C31-62BD-4A94-9D7A-365E6BD52B8C}.Release|x86.ActiveCfg = Release|Any CPU
		{FFCF3C31-62BD-4A94-9D7A-365E6BD52B8C}.Release|x86.Build.0 = Release|Any CPU
		{2943207C-4F29-4876-9D4A-6593A24B652B}.Debug|Any CPU.ActiveCfg = Debug|Any CPU
		{2943207C-4F29-4876-9D4A-6593A24B652B}.Debug|Any CPU.Build.0 = Debug|Any CPU
		{2943207C-4F29-4876-9D4A-6593A24B652B}.Debug|x64.ActiveCfg = Debug|Any CPU
		{2943207C-4F29-4876-9D4A-6593A24B652B}.Debug|x64.Build.0 = Debug|Any CPU
		{2943207C-4F29-4876-9D4A-6593A24B652B}.Debug|x86.ActiveCfg = Debug|Any CPU
		{2943207C-4F29-4876-9D4A-6593A24B652B}.Debug|x86.Build.0 = Debug|Any CPU
		{2943207C-4F29-4876-9D4A-6593A24B652B}.Release|Any CPU.ActiveCfg = Release|Any CPU
		{2943207C-4F29-4876-9D4A-6593A24B652B}.Release|Any CPU.Build.0 = Release|Any CPU
		{2943207C-4F29-4876-9D4A-6593A24B652B}.Release|x64.ActiveCfg = Release|Any CPU
		{2943207C-4F29-4876-9D4A-6593A24B652B}.Release|x64.Build.0 = Release|Any CPU
		{2943207C-4F29-4876-9D4A-6593A24B652B}.Release|x86.ActiveCfg = Release|Any CPU
		{2943207C-4F29-4876-9D4A-6593A24B652B}.Release|x86.Build.0 = Release|Any CPU
		{B66AA3E2-7AFF-4E91-90C2-BE648555045E}.Debug|Any CPU.ActiveCfg = Debug|Any CPU
		{B66AA3E2-7AFF-4E91-90C2-BE648555045E}.Debug|Any CPU.Build.0 = Debug|Any CPU
		{B66AA3E2-7AFF-4E91-90C2-BE648555045E}.Debug|x64.ActiveCfg = Debug|Any CPU
		{B66AA3E2-7AFF-4E91-90C2-BE648555045E}.Debug|x64.Build.0 = Debug|Any CPU
		{B66AA3E2-7AFF-4E91-90C2-BE648555045E}.Debug|x86.ActiveCfg = Debug|Any CPU
		{B66AA3E2-7AFF-4E91-90C2-BE648555045E}.Debug|x86.Build.0 = Debug|Any CPU
		{B66AA3E2-7AFF-4E91-90C2-BE648555045E}.Release|Any CPU.ActiveCfg = Release|Any CPU
		{B66AA3E2-7AFF-4E91-90C2-BE648555045E}.Release|Any CPU.Build.0 = Release|Any CPU
		{B66AA3E2-7AFF-4E91-90C2-BE648555045E}.Release|x64.ActiveCfg = Release|Any CPU
		{B66AA3E2-7AFF-4E91-90C2-BE648555045E}.Release|x64.Build.0 = Release|Any CPU
		{B66AA3E2-7AFF-4E91-90C2-BE648555045E}.Release|x86.ActiveCfg = Release|Any CPU
		{B66AA3E2-7AFF-4E91-90C2-BE648555045E}.Release|x86.Build.0 = Release|Any CPU
		{E85E50D5-1552-449E-B8AE-93449E61D5D0}.Debug|Any CPU.ActiveCfg = Debug|Any CPU
		{E85E50D5-1552-449E-B8AE-93449E61D5D0}.Debug|Any CPU.Build.0 = Debug|Any CPU
		{E85E50D5-1552-449E-B8AE-93449E61D5D0}.Debug|x64.ActiveCfg = Debug|Any CPU
		{E85E50D5-1552-449E-B8AE-93449E61D5D0}.Debug|x64.Build.0 = Debug|Any CPU
		{E85E50D5-1552-449E-B8AE-93449E61D5D0}.Debug|x86.ActiveCfg = Debug|Any CPU
		{E85E50D5-1552-449E-B8AE-93449E61D5D0}.Debug|x86.Build.0 = Debug|Any CPU
		{E85E50D5-1552-449E-B8AE-93449E61D5D0}.Release|Any CPU.ActiveCfg = Release|Any CPU
		{E85E50D5-1552-449E-B8AE-93449E61D5D0}.Release|Any CPU.Build.0 = Release|Any CPU
		{E85E50D5-1552-449E-B8AE-93449E61D5D0}.Release|x64.ActiveCfg = Release|Any CPU
		{E85E50D5-1552-449E-B8AE-93449E61D5D0}.Release|x64.Build.0 = Release|Any CPU
		{E85E50D5-1552-449E-B8AE-93449E61D5D0}.Release|x86.ActiveCfg = Release|Any CPU
		{E85E50D5-1552-449E-B8AE-93449E61D5D0}.Release|x86.Build.0 = Release|Any CPU
		{CB32A708-F668-4127-B193-8AE9FA64AF7A}.Debug|Any CPU.ActiveCfg = Debug|Any CPU
		{CB32A708-F668-4127-B193-8AE9FA64AF7A}.Debug|Any CPU.Build.0 = Debug|Any CPU
		{CB32A708-F668-4127-B193-8AE9FA64AF7A}.Debug|x64.ActiveCfg = Debug|Any CPU
		{CB32A708-F668-4127-B193-8AE9FA64AF7A}.Debug|x64.Build.0 = Debug|Any CPU
		{CB32A708-F668-4127-B193-8AE9FA64AF7A}.Debug|x86.ActiveCfg = Debug|Any CPU
		{CB32A708-F668-4127-B193-8AE9FA64AF7A}.Debug|x86.Build.0 = Debug|Any CPU
		{CB32A708-F668-4127-B193-8AE9FA64AF7A}.Release|Any CPU.ActiveCfg = Release|Any CPU
		{CB32A708-F668-4127-B193-8AE9FA64AF7A}.Release|Any CPU.Build.0 = Release|Any CPU
		{CB32A708-F668-4127-B193-8AE9FA64AF7A}.Release|x64.ActiveCfg = Release|Any CPU
		{CB32A708-F668-4127-B193-8AE9FA64AF7A}.Release|x64.Build.0 = Release|Any CPU
		{CB32A708-F668-4127-B193-8AE9FA64AF7A}.Release|x86.ActiveCfg = Release|Any CPU
		{CB32A708-F668-4127-B193-8AE9FA64AF7A}.Release|x86.Build.0 = Release|Any CPU
	EndGlobalSection
	GlobalSection(NestedProjects) = preSolution
		{1625022C-9546-4DE7-AB7F-65FCAC114265} = {4706F0D6-67E6-4131-8BC7-7C63E2064F0B}
		{2A8F4E3D-09D3-4299-9029-ABC9CE45B8AF} = {29B2610C-A97D-40CF-8973-527BB1889C19}
		{8EE37512-460A-4DCB-A0DB-226E5BCA221D} = {29B2610C-A97D-40CF-8973-527BB1889C19}
		{FFCF3C31-62BD-4A94-9D7A-365E6BD52B8C} = {4706F0D6-67E6-4131-8BC7-7C63E2064F0B}
		{2943207C-4F29-4876-9D4A-6593A24B652B} = {4706F0D6-67E6-4131-8BC7-7C63E2064F0B}
		{B66AA3E2-7AFF-4E91-90C2-BE648555045E} = {29B2610C-A97D-40CF-8973-527BB1889C19}
		{E85E50D5-1552-449E-B8AE-93449E61D5D0} = {4706F0D6-67E6-4131-8BC7-7C63E2064F0B}
		{CB32A708-F668-4127-B193-8AE9FA64AF7A} = {29B2610C-A97D-40CF-8973-527BB1889C19}
	EndGlobalSection
EndGlobal
